
Microsoft Visual Studio Solution File, Format Version 12.00
# Visual Studio 2012
Project("{FAE04EC0-301F-11D3-BF4B-00C04F79EFBC}") = "FeedReader", "FeedReader\FeedReader.csproj", "{6185A33B-778B-4E8E-9DB0-D29ED6A8428C}"
EndProject
Global
	GlobalSection(SolutionConfigurationPlatforms) = preSolution
		Debug|Any CPU = Debug|Any CPU
		Release|Any CPU = Release|Any CPU
	EndGlobalSection
	GlobalSection(ProjectConfigurationPlatforms) = postSolution
		{6185A33B-778B-4E8E-9DB0-D29ED6A8428C}.Debug|Any CPU.ActiveCfg = Debug|Any CPU
		{6185A33B-778B-4E8E-9DB0-D29ED6A8428C}.Debug|Any CPU.Build.0 = Debug|Any CPU
		{6185A33B-778B-4E8E-9DB0-D29ED6A8428C}.Release|Any CPU.ActiveCfg = Release|Any CPU
		{6185A33B-778B-4E8E-9DB0-D29ED6A8428C}.Release|Any CPU.Build.0 = Release|Any CPU
	EndGlobalSection
EndGlobal
